schema: '2.0'
stages:
  data_ingestion:
    cmd: python src/data/data_ingestion.py
    deps:
    - path: src/data/data_ingestion.py
      hash: md5
      md5: bb90bfe1d3421ae80bc439a161d04e3e
      size: 3449
    params:
      params.yaml:
        data_ingestion.test_size: 0.3
    outs:
    - path: data/raw
      hash: md5
      md5: cdbc97ec2b63b571654ff33a9368f91e.dir
      size: 817597
      nfiles: 2
  data_preprocessing:
    cmd: python src/data/data_preprocessing.py
    deps:
    - path: data/raw
      hash: md5
      md5: cdbc97ec2b63b571654ff33a9368f91e.dir
      size: 817597
      nfiles: 2
    - path: src/data/data_preprocessing.py
      hash: md5
      md5: 2031843912c4af269f668db21e154783
      size: 3895
    outs:
    - path: data/interim
      hash: md5
      md5: 4f55b0f769b6a06577ed9301d65a19a0.dir
      size: 555687
      nfiles: 2
  feature_engineering:
    cmd: python src/features/feature_engineering.py
    deps:
    - path: data/interim
      hash: md5
      md5: 4f55b0f769b6a06577ed9301d65a19a0.dir
      size: 555687
      nfiles: 2
    - path: src/features/feature_engineering.py
      hash: md5
      md5: a4e2c9d9336aabf06653beacce87912e
      size: 3770
    params:
      params.yaml:
        feature_engineering.max_features: 5000
    outs:
    - path: data/processed
      hash: md5
      md5: f0d756ac5d4a392d2e1ad74aec367d17.dir
      size: 103808540
      nfiles: 2
    - path: models/vectorizer.pkl
      hash: md5
      md5: 5b90c03864f8895aa4844a7e8a5c939c
      size: 140756
  model_building:
    cmd: python src/model/model_building.py
    deps:
    - path: data/processed
      hash: md5
      md5: f0d756ac5d4a392d2e1ad74aec367d17.dir
      size: 103808540
      nfiles: 2
    - path: src/model/model_building.py
      hash: md5
      md5: 4d89bb8181366c524ab585b55705b265
      size: 2298
    outs:
    - path: models/model.pkl
      hash: md5
      md5: 96ed239af9cb11499f559a516888272f
      size: 40716
  model_evaluation:
    cmd: python src/model/model_evaluation.py
    deps:
    - path: models/model.pkl
      hash: md5
      md5: 96ed239af9cb11499f559a516888272f
      size: 40716
    - path: src/model/model_evaluation.py
      hash: md5
      md5: bcb52e1fda5aa877b0c6cdb7bf55abd3
      size: 5592
    outs:
    - path: reports/experiment_info.json
      hash: md5
      md5: 065bf9d920a6b29727931f97a87cbdb4
      size: 79
    - path: reports/metrics.json
      hash: md5
      md5: 091081becf201181aca34ff516d1f244
      size: 140
  model_registration:
    cmd: python src/model/register_model.py
    deps:
    - path: reports/experiment_info.json
      hash: md5
      md5: 065bf9d920a6b29727931f97a87cbdb4
      size: 79
    - path: src/model/register_model.py
      hash: md5
      md5: 108abf532ed412fec0a3336fbbf2f221
      size: 2892
